
Microsoft Visual Studio Solution File, Format Version 12.00
# Visual Studio 15
VisualStudioVersion = 15.0.28307.136
MinimumVisualStudioVersion = 10.0.40219.1
Project("{9A19103F-16F7-4668-BE54-9A1E7A4F7556}") = "DocFlow", "DocFlow\DocFlow.csproj", "{C641AB0E-BCC6-4AD1-A83D-8AFD9F3BFEC8}"
EndProject
Project("{9A19103F-16F7-4668-BE54-9A1E7A4F7556}") = "DocFlow.Data", "DocFlow.Data\DocFlow.Data.csproj", "{B175006F-195F-42AC-AEB6-CD88D907004C}"
EndProject
Project("{FAE04EC0-301F-11D3-BF4B-00C04F79EFBC}") = "DocFlow.BusinessLayer", "DocFlow.BusinessLayer\DocFlow.BusinessLayer.csproj", "{C2B6EC11-3990-437B-8DC4-B09455FAC40A}"
EndProject
Global
	GlobalSection(SolutionConfigurationPlatforms) = preSolution
		Debug|Any CPU = Debug|Any CPU
		Release|Any CPU = Release|Any CPU
	EndGlobalSection
	GlobalSection(ProjectConfigurationPlatforms) = postSolution
		{C641AB0E-BCC6-4AD1-A83D-8AFD9F3BFEC8}.Debug|Any CPU.ActiveCfg = Debug|Any CPU
		{C641AB0E-BCC6-4AD1-A83D-8AFD9F3BFEC8}.Debug|Any CPU.Build.0 = Debug|Any CPU
		{C641AB0E-BCC6-4AD1-A83D-8AFD9F3BFEC8}.Release|Any CPU.ActiveCfg = Release|Any CPU
		{C641AB0E-BCC6-4AD1-A83D-8AFD9F3BFEC8}.Release|Any CPU.Build.0 = Release|Any CPU
		{B175006F-195F-42AC-AEB6-CD88D907004C}.Debug|Any CPU.ActiveCfg = Debug|Any CPU
		{B175006F-195F-42AC-AEB6-CD88D907004C}.Debug|Any CPU.Build.0 = Debug|Any CPU
		{B175006F-195F-42AC-AEB6-CD88D907004C}.Release|Any CPU.ActiveCfg = Release|Any CPU
		{B175006F-195F-42AC-AEB6-CD88D907004C}.Release|Any CPU.Build.0 = Release|Any CPU
		{C2B6EC11-3990-437B-8DC4-B09455FAC40A}.Debug|Any CPU.ActiveCfg = Debug|Any CPU
		{C2B6EC11-3990-437B-8DC4-B09455FAC40A}.Debug|Any CPU.Build.0 = Debug|Any CPU
		{C2B6EC11-3990-437B-8DC4-B09455FAC40A}.Release|Any CPU.ActiveCfg = Release|Any CPU
		{C2B6EC11-3990-437B-8DC4-B09455FAC40A}.Release|Any CPU.Build.0 = Release|Any CPU
	EndGlobalSection
	GlobalSection(SolutionProperties) = preSolution
		HideSolutionNode = FALSE
	EndGlobalSection
	GlobalSection(ExtensibilityGlobals) = postSolution
		SolutionGuid = {05209E9B-2D6B-4FEB-BCA0-FC8521A78901}
	EndGlobalSection
EndGlobal
